
Microsoft Visual Studio Solution File, Format Version 12.00
# Visual Studio Version 17
VisualStudioVersion = 17.14.36603.0 d17.14
MinimumVisualStudioVersion = 10.0.40219.1
Project("{FAE04EC0-301F-11D3-BF4B-00C04F79EFBC}") = "Campus_Services_Portal", "Campus_Services_Portal\Campus_Services_Portal.csproj", "{55AA38EA-B456-4442-A7DB-DF959810D257}"
EndProject
Global
	GlobalSection(SolutionConfigurationPlatforms) = preSolution
		Debug|Any CPU = Debug|Any CPU
		Release|Any CPU = Release|Any CPU
	EndGlobalSection
	GlobalSection(ProjectConfigurationPlatforms) = postSolution
		{55AA38EA-B456-4442-A7DB-DF959810D257}.Debug|Any CPU.ActiveCfg = Debug|Any CPU
		{55AA38EA-B456-4442-A7DB-DF959810D257}.Debug|Any CPU.Build.0 = Debug|Any CPU
		{55AA38EA-B456-4442-A7DB-DF959810D257}.Release|Any CPU.ActiveCfg = Release|Any CPU
		{55AA38EA-B456-4442-A7DB-DF959810D257}.Release|Any CPU.Build.0 = Release|Any CPU
	EndGlobalSection
	GlobalSection(SolutionProperties) = preSolution
		HideSolutionNode = FALSE
	EndGlobalSection
	GlobalSection(ExtensibilityGlobals) = postSolution
		SolutionGuid = {7EEA1C46-5082-4E4A-B998-5587D2ACD9FF}
	EndGlobalSection
EndGlobal
